
Microsoft Visual Studio Solution File, Format Version 12.00
# Visual Studio Version 17
VisualStudioVersion = 17.8.34316.72
MinimumVisualStudioVersion = 10.0.40219.1
Project("{FAE04EC0-301F-11D3-BF4B-00C04F79EFBC}") = "Panels-4---Herhalingsoefening-PXL-shop", "Panels-4---Herhalingsoefening-PXL-shop\Panels-4---Herhalingsoefening-PXL-shop.csproj", "{9A5F4B3A-99CE-4271-9697-74BFBB0DDCA8}"
EndProject
Global
	GlobalSection(SolutionConfigurationPlatforms) = preSolution
		Debug|Any CPU = Debug|Any CPU
		Release|Any CPU = Release|Any CPU
	EndGlobalSection
	GlobalSection(ProjectConfigurationPlatforms) = postSolution
		{9A5F4B3A-99CE-4271-9697-74BFBB0DDCA8}.Debug|Any CPU.ActiveCfg = Debug|Any CPU
		{9A5F4B3A-99CE-4271-9697-74BFBB0DDCA8}.Debug|Any CPU.Build.0 = Debug|Any CPU
		{9A5F4B3A-99CE-4271-9697-74BFBB0DDCA8}.Release|Any CPU.ActiveCfg = Release|Any CPU
		{9A5F4B3A-99CE-4271-9697-74BFBB0DDCA8}.Release|Any CPU.Build.0 = Release|Any CPU
	EndGlobalSection
	GlobalSection(SolutionProperties) = preSolution
		HideSolutionNode = FALSE
	EndGlobalSection
	GlobalSection(ExtensibilityGlobals) = postSolution
		SolutionGuid = {BD3E9074-1057-46A4-A12A-9FFAA9A15527}
	EndGlobalSection
EndGlobal
